
Microsoft Visual Studio Solution File, Format Version 12.00
# Visual Studio 2012
Project("{FAE04EC0-301F-11D3-BF4B-00C04F79EFBC}") = "WebMvc", "WebMvc\WebMvc.csproj", "{071AD736-0274-4BA7-8BF3-71AD1038F4FF}"
EndProject
Project("{FAE04EC0-301F-11D3-BF4B-00C04F79EFBC}") = "WebMvc.Tests", "WebMvc.Tests\WebMvc.Tests.csproj", "{C95AD723-9937-4B53-AB68-5EFDE841E185}"
EndProject
Project("{FAE04EC0-301F-11D3-BF4B-00C04F79EFBC}") = "Models", "Models\Models.csproj", "{EE1116DD-00B9-4C55-B7C5-189649D884DC}"
EndProject
Project("{2150E333-8FDC-42A3-9474-1A3956D46DE8}") = ".nuget", ".nuget", "{15F9C6A7-428F-4111-BD1A-77891847677E}"
	ProjectSection(SolutionItems) = preProject
		.nuget\NuGet.Config = .nuget\NuGet.Config
		.nuget\NuGet.exe = .nuget\NuGet.exe
		.nuget\NuGet.targets = .nuget\NuGet.targets
		.nuget\packages.config = .nuget\packages.config
	EndProjectSection
EndProject
Global
	GlobalSection(TeamFoundationVersionControl) = preSolution
		SccNumberOfProjects = 4
		SccEnterpriseProvider = {4CA58AB2-18FA-4F8D-95D4-32DDF27D184C}
		SccTeamFoundationServer = https://dtinformation.visualstudio.com/
		SccLocalPath0 = .
		SccProjectUniqueName1 = Models\\Models.csproj
		SccProjectName1 = Models
		SccLocalPath1 = Models
		SccProjectUniqueName2 = WebMvc\\WebMvc.csproj
		SccProjectName2 = WebMvc
		SccLocalPath2 = WebMvc
		SccProjectUniqueName3 = WebMvc.Tests\\WebMvc.Tests.csproj
		SccProjectName3 = WebMvc.Tests
		SccLocalPath3 = WebMvc.Tests
	EndGlobalSection
	GlobalSection(SolutionConfigurationPlatforms) = preSolution
		Debug|Any CPU = Debug|Any CPU
		Release|Any CPU = Release|Any CPU
	EndGlobalSection
	GlobalSection(ProjectConfigurationPlatforms) = postSolution
		{071AD736-0274-4BA7-8BF3-71AD1038F4FF}.Debug|Any CPU.ActiveCfg = Debug|Any CPU
		{071AD736-0274-4BA7-8BF3-71AD1038F4FF}.Debug|Any CPU.Build.0 = Debug|Any CPU
		{071AD736-0274-4BA7-8BF3-71AD1038F4FF}.Release|Any CPU.ActiveCfg = Release|Any CPU
		{071AD736-0274-4BA7-8BF3-71AD1038F4FF}.Release|Any CPU.Build.0 = Release|Any CPU
		{C95AD723-9937-4B53-AB68-5EFDE841E185}.Debug|Any CPU.ActiveCfg = Debug|Any CPU
		{C95AD723-9937-4B53-AB68-5EFDE841E185}.Debug|Any CPU.Build.0 = Debug|Any CPU
		{C95AD723-9937-4B53-AB68-5EFDE841E185}.Release|Any CPU.ActiveCfg = Release|Any CPU
		{C95AD723-9937-4B53-AB68-5EFDE841E185}.Release|Any CPU.Build.0 = Release|Any CPU
		{EE1116DD-00B9-4C55-B7C5-189649D884DC}.Debug|Any CPU.ActiveCfg = Debug|Any CPU
		{EE1116DD-00B9-4C55-B7C5-189649D884DC}.Debug|Any CPU.Build.0 = Debug|Any CPU
		{EE1116DD-00B9-4C55-B7C5-189649D884DC}.Release|Any CPU.ActiveCfg = Release|Any CPU
		{EE1116DD-00B9-4C55-B7C5-189649D884DC}.Release|Any CPU.Build.0 = Release|Any CPU
	EndGlobalSection
	GlobalSection(SolutionProperties) = preSolution
		HideSolutionNode = FALSE
	EndGlobalSection
EndGlobal
